// !$*UTF8*$!
{
	archiveVersion = 1;
	classes = {
	};
	objectVersion = 50;
	objects = {

/* Begin PBXBuildFile section */
		AB2039FC256BD602005E3387 /* SwiftuisizeclassApp.swift in Sources */ = {isa = PBXBuildFile; fileRef = AB2039FB256BD602005E3387 /* SwiftuisizeclassApp.swift */; };
		AB2039FE256BD602005E3387 /* ContentView.swift in Sources */ = {isa = PBXBuildFile; fileRef = AB2039FD256BD602005E3387 /* ContentView.swift */; };
		AB203A00256BD604005E3387 /* Assets.xcassets in Resources */ = {isa = PBXBuildFile; fileRef = AB2039FF256BD604005E3387 /* Assets.xcassets */; };
		AB203A03256BD604005E3387 /* Preview Assets.xcassets in Resources */ = {isa = PBXBuildFile; fileRef = AB203A02256BD604005E3387 /* Preview Assets.xcassets */; };
		AB203A0C256BDCDE005E3387 /* FancybuttonView.swift in Sources */ = {isa = PBXBuildFile; fileRef = AB203A0B256BDCDE005E3387 /* FancybuttonView.swift */; };
/* End PBXBuildFile section */

/* Begin PBXFileReference section */
		AB2039F8256BD602005E3387 /* Swiftuisizeclass.app */ = {isa = PBXFileReference; explicitFileType = wrapper.application; includeInIndex = 0; path = Swiftuisizeclass.app; sourceTree = BUILT_PRODUCTS_DIR; };
		AB2039FB256BD602005E3387 /* SwiftuisizeclassApp.swift */ = {isa = PBXFileReference; lastKnownFileType = sourcecode.swift; path = SwiftuisizeclassApp.swift; sourceTree = "<group>"; };
		AB2039FD256BD602005E3387 /* ContentView.swift */ = {isa = PBXFileReference; lastKnownFileType = sourcecode.swift; path = ContentView.swift; sourceTree = "<group>"; };
		AB2039FF256BD604005E3387 /* Assets.xcassets */ = {isa = PBXFileReference; lastKnownFileType = folder.assetcatalog; path = Assets.xcassets; sourceTree = "<group>"; };
		AB203A02256BD604005E3387 /* Preview Assets.xcassets */ = {isa = PBXFileReference; lastKnownFileType = folder.assetcatalog; path = "Preview Assets.xcassets"; sourceTree = "<group>"; };
		AB203A04256BD604005E3387 /* Info.plist */ = {isa = PBXFileReference; lastKnownFileType = text.plist.xml; path = Info.plist; sourceTree = "<group>"; };
		AB203A0B256BDCDE005E3387 /* FancybuttonView.swift */ = {isa = PBXFileReference; lastKnownFileType = sourcecode.swift; path = FancybuttonView.swift; sourceTree = "<group>"; };
/* End PBXFileReference section */

/* Begin PBXFrameworksBuildPhase section */
		AB2039F5256BD602005E3387 /* Frameworks */ = {
			isa = PBXFrameworksBuildPhase;
			buildActionMask = 2147483647;
			files = (
			);
			runOnlyForDeploymentPostprocessing = 0;
		};
/* End PBXFrameworksBuildPhase section */

/* Begin PBXGroup section */
		AB2039EF256BD602005E3387 = {
			isa = PBXGroup;
			children = (
				AB2039FA256BD602005E3387 /* Swiftuisizeclass */,
				AB2039F9256BD602005E3387 /* Products */,
			);
			sourceTree = "<group>";
		};
		AB2039F9256BD602005E3387 /* Products */ = {
			isa = PBXGroup;
			children = (
				AB2039F8256BD602005E3387 /* Swiftuisizeclass.app */,
			);
			name = Products;
			sourceTree = "<group>";
		};
		AB2039FA256BD602005E3387 /* Swiftuisizeclass */ = {
			isa = PBXGroup;
			children = (
				AB2039FB256BD602005E3387 /* SwiftuisizeclassApp.swift */,
				AB2039FD256BD602005E3387 /* ContentView.swift */,
				AB203A0B256BDCDE005E3387 /* FancybuttonView.swift */,
				AB2039FF256BD604005E3387 /* Assets.xcassets */,
				AB203A04256BD604005E3387 /* Info.plist */,
				AB203A01256BD604005E3387 /* Preview Content */,
			);
			path = Swiftuisizeclass;
			sourceTree = "<group>";
		};
		AB203A01256BD604005E3387 /* Preview Content */ = {
			isa = PBXGroup;
			children = (
				AB203A02256BD604005E3387 /* Preview Assets.xcassets */,
			);
			path = "Preview Content";
			sourceTree = "<group>";
		};
/* End PBXGroup section */

/* Begin PBXNativeTarget section */
		AB2039F7256BD602005E3387 /* Swiftuisizeclass */ = {
			isa = PBXNativeTarget;
			buildConfigurationList = AB203A07256BD604005E3387 /* Build configuration list for PBXNativeTarget "Swiftuisizeclass" */;
			buildPhases = (
				AB2039F4256BD602005E3387 /* Sources */,
				AB2039F5256BD602005E3387 /* Frameworks */,
				AB2039F6256BD602005E3387 /* Resources */,
			);
			buildRules = (
			);
			dependencies = (
			);
			name = Swiftuisizeclass;
			productName = Swiftuisizeclass;
			productReference = AB2039F8256BD602005E3387 /* Swiftuisizeclass.app */;
			productType = "com.apple.product-type.application";
		};
/* End PBXNativeTarget section */

/* Begin PBXProject section */
		AB2039F0256BD602005E3387 /* Project object */ = {
			isa = PBXProject;
			attributes = {
				LastSwiftUpdateCheck = 1220;
				LastUpgradeCheck = 1220;
				TargetAttributes = {
					AB2039F7256BD602005E3387 = {
						CreatedOnToolsVersion = 12.2;
					};
				};
			};
			buildConfigurationList = AB2039F3256BD602005E3387 /* Build configuration list for PBXProject "Swiftuisizeclass" */;
			compatibilityVersion = "Xcode 9.3";
			developmentRegion = en;
			hasScannedForEncodings = 0;
			knownRegions = (
				en,
				Base,
			);
			mainGroup = AB2039EF256BD602005E3387;
			productRefGroup = AB2039F9256BD602005E3387 /* Products */;
			projectDirPath = "";
			projectRoot = "";
			targets = (
				AB2039F7256BD602005E3387 /* Swiftuisizeclass */,
			);
		};
/* End PBXProject section */

/* Begin PBXResourcesBuildPhase section */
		AB2039F6256BD602005E3387 /* Resources */ = {
			isa = PBXResourcesBuildPhase;
			buildActionMask = 2147483647;
			files = (
				AB203A03256BD604005E3387 /* Preview Assets.xcassets in Resources */,
				AB203A00256BD604005E3387 /* Assets.xcassets in Resources */,
			);
			runOnlyForDeploymentPostprocessing = 0;
		};
/* End PBXResourcesBuildPhase section */

/* Begin PBXSourcesBuildPhase section */
		AB2039F4256BD602005E3387 /* Sources */ = {
			isa = PBXSourcesBuildPhase;
			buildActionMask = 2147483647;
			files = (
				AB203A0C256BDCDE005E3387 /* FancybuttonView.swift in Sources */,
				AB2039FE256BD602005E3387 /* ContentView.swift in Sources */,
				AB2039FC256BD602005E3387 /* SwiftuisizeclassApp.swift in Sources */,
			);
			runOnlyForDeploymentPostprocessing = 0;
		};
/* End PBXSourcesBuildPhase section */

/* Begin XCBuildConfiguration section */
		AB203A05256BD604005E3387 /* Debug */ = {
			isa = XCBuildConfiguration;
			buildSettings = {
				ALWAYS_SEARCH_USER_PATHS = NO;
				CLANG_ANALYZER_NONNULL = YES;
				CLANG_ANALYZER_NUMBER_OBJECT_CONVERSION = YES_AGGRESSIVE;
				CLANG_CXX_LANGUAGE_STANDARD = "gnu++14";
				CLANG_CXX_LIBRARY = "libc++";
				CLANG_ENABLE_MODULES = YES;
				CLANG_ENABLE_OBJC_ARC = YES;
				CLANG_ENABLE_OBJC_WEAK = YES;
				CLANG_WARN_BLOCK_CAPTURE_AUTORELEASING = YES;
				CLANG_WARN_BOOL_CONVERSION = YES;
				CLANG_WARN_COMMA = YES;
				CLANG_WARN_CONSTANT_CONVERSION = YES;
				CLANG_WARN_DEPRECATED_OBJC_IMPLEMENTATIONS = YES;
				CLANG_WARN_DIRECT_OBJC_ISA_USAGE = YES_ERROR;
				CLANG_WARN_DOCUMENTATION_COMMENTS = YES;
				CLANG_WARN_EMPTY_BODY = YES;
				CLANG_WARN_ENUM_CONVERSION = YES;
				CLANG_WARN_INFINITE_RECURSION = YES;
				CLANG_WARN_INT_CONVERSION = YES;
				CLANG_WARN_NON_LITERAL_NULL_CONVERSION = YES;
				CLANG_WARN_OBJC_IMPLICIT_RETAIN_SELF = YES;
				CLANG_WARN_OBJC_LITERAL_CONVERSION = YES;
				CLANG_WARN_OBJC_ROOT_CLASS = YES_ERROR;
				CLANG_WARN_QUOTED_INCLUDE_IN_FRAMEWORK_HEADER = YES;
				CLANG_WARN_RANGE_LOOP_ANALYSIS = YES;
				CLANG_WARN_STRICT_PROTOTYPES = YES;
				CLANG_WARN_SUSPICIOUS_MOVE = YES;
				CLANG_WARN_UNGUARDED_AVAILABILITY = YES_AGGRESSIVE;
				CLANG_WARN_UNREACHABLE_CODE = YES;
				CLANG_WARN__DUPLICATE_METHOD_MATCH = YES;
				COPY_PHASE_STRIP = NO;
				DEBUG_INFORMATION_FORMAT = dwarf;
				ENABLE_STRICT_OBJC_MSGSEND = YES;
				ENABLE_TESTABILITY = YES;
				GCC_C_LANGUAGE_STANDARD = gnu11;
				GCC_DYNAMIC_NO_PIC = NO;
				GCC_NO_COMMON_BLOCKS = YES;
				GCC_OPTIMIZATION_LEVEL = 0;
				GCC_PREPROCESSOR_DEFINITIONS = (
					"DEBUG=1",
					"$(inherited)",
				);
				GCC_WARN_64_TO_32_BIT_CONVERSION = YES;
				GCC_WARN_ABOUT_RETURN_TYPE = YES_ERROR;
				GCC_WARN_UNDECLARED_SELECTOR = YES;
				GCC_WARN_UNINITIALIZED_AUTOS = YES_AGGRESSIVE;
				GCC_WARN_UNUSED_FUNCTION = YES;
				GCC_WARN_UNUSED_VARIABLE = YES;
				IPHONEOS_DEPLOYMENT_TARGET = 14.2;
				MTL_ENABLE_DEBUG_INFO = INCLUDE_SOURCE;
				MTL_FAST_MATH = YES;
				ONLY_ACTIVE_ARCH = YES;
				SDKROOT = iphoneos;
				SWIFT_ACTIVE_COMPILATION_CONDITIONS = DEBUG;
				SWIFT_OPTIMIZATION_LEVEL = "-Onone";
			};
			name = Debug;
		};
		AB203A06256BD604005E3387 /* Release */ = {
			isa = XCBuildConfiguration;
			buildSettings = {
				ALWAYS_SEARCH_USER_PATHS = NO;
				CLANG_ANALYZER_NONNULL = YES;
				CLANG_ANALYZER_NUMBER_OBJECT_CONVERSION = YES_AGGRESSIVE;
				CLANG_CXX_LANGUAGE_STANDARD = "gnu++14";
				CLANG_CXX_LIBRARY = "libc++";
				CLANG_ENABLE_MODULES = YES;
				CLANG_ENABLE_OBJC_ARC = YES;
				CLANG_ENABLE_OBJC_WEAK = YES;
				CLANG_WARN_BLOCK_CAPTURE_AUTORELEASING = YES;
				CLANG_WARN_BOOL_CONVERSION = YES;
				CLANG_WARN_COMMA = YES;
				CLANG_WARN_CONSTANT_CONVERSION = YES;
				CLANG_WARN_DEPRECATED_OBJC_IMPLEMENTATIONS = YES;
				CLANG_WARN_DIRECT_OBJC_ISA_USAGE = YES_ERROR;
				CLANG_WARN_DOCUMENTATION_COMMENTS = YES;
				CLANG_WARN_EMPTY_BODY = YES;
				CLANG_WARN_ENUM_CONVERSION = YES;
				CLANG_WARN_INFINITE_RECURSION = YES;
				CLANG_WARN_INT_CONVERSION = YES;
				CLANG_WARN_NON_LITERAL_NULL_CONVERSION = YES;
				CLANG_WARN_OBJC_IMPLICIT_RETAIN_SELF = YES;
				CLANG_WARN_OBJC_LITERAL_CONVERSION = YES;
				CLANG_WARN_OBJC_ROOT_CLASS = YES_ERROR;
				CLANG_WARN_QUOTED_INCLUDE_IN_FRAMEWORK_HEADER = YES;
				CLANG_WARN_RANGE_LOOP_ANALYSIS = YES;
				CLANG_WARN_STRICT_PROTOTYPES = YES;
				CLANG_WARN_SUSPICIOUS_MOVE = YES;
				CLANG_WARN_UNGUARDED_AVAILABILITY = YES_AGGRESSIVE;
				CLANG_WARN_UNREACHABLE_CODE = YES;
				CLANG_WARN__DUPLICATE_METHOD_MATCH = YES;
				COPY_PHASE_STRIP = NO;
				DEBUG_INFORMATION_FORMAT = "dwarf-with-dsym";
				ENABLE_NS_ASSERTIONS = NO;
				ENABLE_STRICT_OBJC_MSGSEND = YES;
				GCC_C_LANGUAGE_STANDARD = gnu11;
				GCC_NO_COMMON_BLOCKS = YES;
				GCC_WARN_64_TO_32_BIT_CONVERSION = YES;
				GCC_WARN_ABOUT_RETURN_TYPE = YES_ERROR;
				GCC_WARN_UNDECLARED_SELECTOR = YES;
				GCC_WARN_UNINITIALIZED_AUTOS = YES_AGGRESSIVE;
				GCC_WARN_UNUSED_FUNCTION = YES;
				GCC_WARN_UNUSED_VARIABLE = YES;
				IPHONEOS_DEPLOYMENT_TARGET = 14.2;
				MTL_ENABLE_DEBUG_INFO = NO;
				MTL_FAST_MATH = YES;
				SDKROOT = iphoneos;
				SWIFT_COMPILATION_MODE = wholemodule;
				SWIFT_OPTIMIZATION_LEVEL = "-O";
				VALIDATE_PRODUCT = YES;
			};
			name = Release;
		};
		AB203A08256BD604005E3387 /* Debug */ = {
			isa = XCBuildConfiguration;
			buildSettings = {
				ASSETCATALOG_COMPILER_APPICON_NAME = AppIcon;
				ASSETCATALOG_COMPILER_GLOBAL_ACCENT_COLOR_NAME = AccentColor;
				CODE_SIGN_STYLE = Automatic;
				DEVELOPMENT_ASSET_PATHS = "\"Swiftuisizeclass/Preview Content\"";
				ENABLE_PREVIEWS = YES;
				INFOPLIST_FILE = Swiftuisizeclass/Info.plist;
				IPHONEOS_DEPLOYMENT_TARGET = 14.0;
				LD_RUNPATH_SEARCH_PATHS = (
					"$(inherited)",
					"@executable_path/Frameworks",
				);
				PRODUCT_BUNDLE_IDENTIFIER = se.magictechnology.Swiftuisizeclass;
				PRODUCT_NAME = "$(TARGET_NAME)";
				SWIFT_VERSION = 5.0;
				TARGETED_DEVICE_FAMILY = "1,2";
			};
			name = Debug;
		};
		AB203A09256BD604005E3387 /* Release */ = {
			isa = XCBuildConfiguration;
			buildSettings = {
				ASSETCATALOG_COMPILER_APPICON_NAME = AppIcon;
				ASSETCATALOG_COMPILER_GLOBAL_ACCENT_COLOR_NAME = AccentColor;
				CODE_SIGN_STYLE = Automatic;
				DEVELOPMENT_ASSET_PATHS = "\"Swiftuisizeclass/Preview Content\"";
				ENABLE_PREVIEWS = YES;
				INFOPLIST_FILE = Swiftuisizeclass/Info.plist;
				IPHONEOS_DEPLOYMENT_TARGET = 14.0;
				LD_RUNPATH_SEARCH_PATHS = (
					"$(inherited)",
					"@executable_path/Frameworks",
				);
				PRODUCT_BUNDLE_IDENTIFIER = se.magictechnology.Swiftuisizeclass;
				PRODUCT_NAME = "$(TARGET_NAME)";
				SWIFT_VERSION = 5.0;
				TARGETED_DEVICE_FAMILY = "1,2";
			};
			name = Release;
		};
/* End XCBuildConfiguration section */

/* Begin XCConfigurationList section */
		AB2039F3256BD602005E3387 /* Build configuration list for PBXProject "Swiftuisizeclass" */ = {
			isa = XCConfigurationList;
			buildConfigurations = (
				AB203A05256BD604005E3387 /* Debug */,
				AB203A06256BD604005E3387 /* Release */,
			);
			defaultConfigurationIsVisible = 0;
			defaultConfigurationName = Release;
		};
		AB203A07256BD604005E3387 /* Build configuration list for PBXNativeTarget "Swiftuisizeclass" */ = {
			isa = XCConfigurationList;
			buildConfigurations = (
				AB203A08256BD604005E3387 /* Debug */,
				AB203A09256BD604005E3387 /* Release */,
			);
			defaultConfigurationIsVisible = 0;
			defaultConfigurationName = Release;
		};
/* End XCConfigurationList section */
	};
	rootObject = AB2039F0256BD602005E3387 /* Project object */;
}
